
Microsoft Visual Studio Solution File, Format Version 12.00
# Visual Studio Version 17
VisualStudioVersion = 17.10.34902.84
MinimumVisualStudioVersion = 10.0.40219.1
Project("{FAE04EC0-301F-11D3-BF4B-00C04F79EFBC}") = "SimplePersonalBlog", "SimplePersonalBlog.csproj", "{DC38B55A-5A52-46E6-AC12-ACE6348A49FD}"
EndProject
Global
	GlobalSection(SolutionConfigurationPlatforms) = preSolution
		Debug|Any CPU = Debug|Any CPU
		Release|Any CPU = Release|Any CPU
	EndGlobalSection
	GlobalSection(ProjectConfigurationPlatforms) = postSolution
		{DC38B55A-5A52-46E6-AC12-ACE6348A49FD}.Debug|Any CPU.ActiveCfg = Debug|Any CPU
		{DC38B55A-5A52-46E6-AC12-ACE6348A49FD}.Debug|Any CPU.Build.0 = Debug|Any CPU
		{DC38B55A-5A52-46E6-AC12-ACE6348A49FD}.Release|Any CPU.ActiveCfg = Release|Any CPU
		{DC38B55A-5A52-46E6-AC12-ACE6348A49FD}.Release|Any CPU.Build.0 = Release|Any CPU
	EndGlobalSection
	GlobalSection(SolutionProperties) = preSolution
		HideSolutionNode = FALSE
	EndGlobalSection
	GlobalSection(ExtensibilityGlobals) = postSolution
		SolutionGuid = {FAFEE88C-99DC-412D-9997-0ACA91343114}
	EndGlobalSection
EndGlobal
